
Microsoft Visual Studio Solution File, Format Version 12.00
# Visual Studio Version 16
VisualStudioVersion = 16.0.34407.143
MinimumVisualStudioVersion = 10.0.40219.1
Project("{FAE04EC0-301F-11D3-BF4B-00C04F79EFBC}") = "LOGINOFICIAL", "LOGINOFICIAL.csproj", "{D3ED11F1-EA36-4113-B87F-57A5F90A62C3}"
EndProject
Global
	GlobalSection(SolutionConfigurationPlatforms) = preSolution
		Debug|Any CPU = Debug|Any CPU
		Release|Any CPU = Release|Any CPU
	EndGlobalSection
	GlobalSection(ProjectConfigurationPlatforms) = postSolution
		{D3ED11F1-EA36-4113-B87F-57A5F90A62C3}.Debug|Any CPU.ActiveCfg = Debug|Any CPU
		{D3ED11F1-EA36-4113-B87F-57A5F90A62C3}.Debug|Any CPU.Build.0 = Debug|Any CPU
		{D3ED11F1-EA36-4113-B87F-57A5F90A62C3}.Release|Any CPU.ActiveCfg = Release|Any CPU
		{D3ED11F1-EA36-4113-B87F-57A5F90A62C3}.Release|Any CPU.Build.0 = Release|Any CPU
	EndGlobalSection
	GlobalSection(SolutionProperties) = preSolution
		HideSolutionNode = FALSE
	EndGlobalSection
	GlobalSection(ExtensibilityGlobals) = postSolution
		SolutionGuid = {2E39BF4D-59C1-41CB-93BB-67C648FC02D7}
	EndGlobalSection
EndGlobal
